// !$*UTF8*$!
{
	archiveVersion = 1;
	classes = {
	};
	objectVersion = 51;
	objects = {

/* Begin PBXBuildFile section */
		5E9092932C6B6A2A94C20573 /* Pods_MovieFlixApp.framework in Frameworks */ = {isa = PBXBuildFile; fileRef = FAE350058A0E5EFB605CC126 /* Pods_MovieFlixApp.framework */; };
		8876F5FA26918C8600E10BFB /* TrailersViewModel.swift in Sources */ = {isa = PBXBuildFile; fileRef = 8876F5F926918C8600E10BFB /* TrailersViewModel.swift */; };
		8876F5FD26918CAD00E10BFB /* TrailerModel.swift in Sources */ = {isa = PBXBuildFile; fileRef = 8876F5FC26918CAD00E10BFB /* TrailerModel.swift */; };
		8876F600269190AD00E10BFB /* Extensions.swift in Sources */ = {isa = PBXBuildFile; fileRef = 8876F5FF269190AD00E10BFB /* Extensions.swift */; };
		8876F606269198C100E10BFB /* FloatRatingView.swift in Sources */ = {isa = PBXBuildFile; fileRef = 8876F605269198C100E10BFB /* FloatRatingView.swift */; };
		889BDF8C2690E8FF00B4800D /* DetailViewController.swift in Sources */ = {isa = PBXBuildFile; fileRef = 889BDF8B2690E8FF00B4800D /* DetailViewController.swift */; };
		889BDF902690EE3D00B4800D /* placeholderImage.png in Resources */ = {isa = PBXBuildFile; fileRef = 889BDF8F2690EE3D00B4800D /* placeholderImage.png */; };
		88A15703268E3A090029D242 /* AppDelegate.swift in Sources */ = {isa = PBXBuildFile; fileRef = 88A15702268E3A090029D242 /* AppDelegate.swift */; };
		88A15707268E3A090029D242 /* ViewController.swift in Sources */ = {isa = PBXBuildFile; fileRef = 88A15706268E3A090029D242 /* ViewController.swift */; };
		88A1570A268E3A090029D242 /* Main.storyboard in Resources */ = {isa = PBXBuildFile; fileRef = 88A15708268E3A090029D242 /* Main.storyboard */; };
		88A1570C268E3A0A0029D242 /* Assets.xcassets in Resources */ = {isa = PBXBuildFile; fileRef = 88A1570B268E3A0A0029D242 /* Assets.xcassets */; };
		88A1570F268E3A0A0029D242 /* LaunchScreen.storyboard in Resources */ = {isa = PBXBuildFile; fileRef = 88A1570D268E3A0A0029D242 /* LaunchScreen.storyboard */; };
		88A1571D268E3A560029D242 /* Constants.swift in Sources */ = {isa = PBXBuildFile; fileRef = 88A15718268E3A560029D242 /* Constants.swift */; };
		88A1571E268E3A560029D242 /* MovieModel.swift in Sources */ = {isa = PBXBuildFile; fileRef = 88A15719268E3A560029D242 /* MovieModel.swift */; };
		88A15720268E3A560029D242 /* ServiceManager.swift in Sources */ = {isa = PBXBuildFile; fileRef = 88A1571B268E3A560029D242 /* ServiceManager.swift */; };
		88A15721268E3A560029D242 /* MoviesViewModel.swift in Sources */ = {isa = PBXBuildFile; fileRef = 88A1571C268E3A560029D242 /* MoviesViewModel.swift */; };
/* End PBXBuildFile section */

/* Begin PBXFileReference section */
		55298CA15BB944F7658846EC /* Pods-MovieFlixApp.debug.xcconfig */ = {isa = PBXFileReference; includeInIndex = 1; lastKnownFileType = text.xcconfig; name = "Pods-MovieFlixApp.debug.xcconfig"; path = "Target Support Files/Pods-MovieFlixApp/Pods-MovieFlixApp.debug.xcconfig"; sourceTree = "<group>"; };
		8876F5F926918C8600E10BFB /* TrailersViewModel.swift */ = {isa = PBXFileReference; lastKnownFileType = sourcecode.swift; path = TrailersViewModel.swift; sourceTree = "<group>"; };
		8876F5FC26918CAD00E10BFB /* TrailerModel.swift */ = {isa = PBXFileReference; lastKnownFileType = sourcecode.swift; path = TrailerModel.swift; sourceTree = "<group>"; };
		8876F5FF269190AD00E10BFB /* Extensions.swift */ = {isa = PBXFileReference; lastKnownFileType = sourcecode.swift; path = Extensions.swift; sourceTree = "<group>"; };
		8876F605269198C100E10BFB /* FloatRatingView.swift */ = {isa = PBXFileReference; fileEncoding = 4; lastKnownFileType = sourcecode.swift; path = FloatRatingView.swift; sourceTree = "<group>"; };
		889BDF8B2690E8FF00B4800D /* DetailViewController.swift */ = {isa = PBXFileReference; lastKnownFileType = sourcecode.swift; path = DetailViewController.swift; sourceTree = "<group>"; };
		889BDF8F2690EE3D00B4800D /* placeholderImage.png */ = {isa = PBXFileReference; lastKnownFileType = image.png; path = placeholderImage.png; sourceTree = "<group>"; };
		88A156FF268E3A090029D242 /* MovieFlixApp.app */ = {isa = PBXFileReference; explicitFileType = wrapper.application; includeInIndex = 0; path = MovieFlixApp.app; sourceTree = BUILT_PRODUCTS_DIR; };
		88A15702268E3A090029D242 /* AppDelegate.swift */ = {isa = PBXFileReference; lastKnownFileType = sourcecode.swift; path = AppDelegate.swift; sourceTree = "<group>"; };
		88A15706268E3A090029D242 /* ViewController.swift */ = {isa = PBXFileReference; lastKnownFileType = sourcecode.swift; path = ViewController.swift; sourceTree = "<group>"; };
		88A15709268E3A090029D242 /* Base */ = {isa = PBXFileReference; lastKnownFileType = file.storyboard; name = Base; path = Base.lproj/Main.storyboard; sourceTree = "<group>"; };
		88A1570B268E3A0A0029D242 /* Assets.xcassets */ = {isa = PBXFileReference; lastKnownFileType = folder.assetcatalog; path = Assets.xcassets; sourceTree = "<group>"; };
		88A1570E268E3A0A0029D242 /* Base */ = {isa = PBXFileReference; lastKnownFileType = file.storyboard; name = Base; path = Base.lproj/LaunchScreen.storyboard; sourceTree = "<group>"; };
		88A15710268E3A0A0029D242 /* Info.plist */ = {isa = PBXFileReference; lastKnownFileType = text.plist.xml; path = Info.plist; sourceTree = "<group>"; };
		88A15718268E3A560029D242 /* Constants.swift */ = {isa = PBXFileReference; fileEncoding = 4; lastKnownFileType = sourcecode.swift; path = Constants.swift; sourceTree = "<group>"; };
		88A15719268E3A560029D242 /* MovieModel.swift */ = {isa = PBXFileReference; fileEncoding = 4; lastKnownFileType = sourcecode.swift; path = MovieModel.swift; sourceTree = "<group>"; };
		88A1571B268E3A560029D242 /* ServiceManager.swift */ = {isa = PBXFileReference; fileEncoding = 4; lastKnownFileType = sourcecode.swift; path = ServiceManager.swift; sourceTree = "<group>"; };
		88A1571C268E3A560029D242 /* MoviesViewModel.swift */ = {isa = PBXFileReference; fileEncoding = 4; lastKnownFileType = sourcecode.swift; path = MoviesViewModel.swift; sourceTree = "<group>"; };
		D537A483A4E8584193A77563 /* Pods-MovieFlixApp.release.xcconfig */ = {isa = PBXFileReference; includeInIndex = 1; lastKnownFileType = text.xcconfig; name = "Pods-MovieFlixApp.release.xcconfig"; path = "Target Support Files/Pods-MovieFlixApp/Pods-MovieFlixApp.release.xcconfig"; sourceTree = "<group>"; };
		FAE350058A0E5EFB605CC126 /* Pods_MovieFlixApp.framework */ = {isa = PBXFileReference; explicitFileType = wrapper.framework; includeInIndex = 0; path = Pods_MovieFlixApp.framework; sourceTree = BUILT_PRODUCTS_DIR; };
/* End PBXFileReference section */

/* Begin PBXFrameworksBuildPhase section */
		88A156FC268E3A090029D242 /* Frameworks */ = {
			isa = PBXFrameworksBuildPhase;
			buildActionMask = 2147483647;
			files = (
				5E9092932C6B6A2A94C20573 /* Pods_MovieFlixApp.framework in Frameworks */,
			);
			runOnlyForDeploymentPostprocessing = 0;
		};
/* End PBXFrameworksBuildPhase section */

/* Begin PBXGroup section */
		8876F5F826918C4F00E10BFB /* ViewModels */ = {
			isa = PBXGroup;
			children = (
				88A15719268E3A560029D242 /* MovieModel.swift */,
				88A1571C268E3A560029D242 /* MoviesViewModel.swift */,
				8876F5FC26918CAD00E10BFB /* TrailerModel.swift */,
				8876F5F926918C8600E10BFB /* TrailersViewModel.swift */,
			);
			path = ViewModels;
			sourceTree = "<group>";
		};
		88A156F6268E3A090029D242 = {
			isa = PBXGroup;
			children = (
				88A15701268E3A090029D242 /* MovieFlixApp */,
				88A15700268E3A090029D242 /* Products */,
				BEAB17FB8EDE172E35B29424 /* Pods */,
				AF261098D5CFC61D0F946D82 /* Frameworks */,
			);
			sourceTree = "<group>";
		};
		88A15700268E3A090029D242 /* Products */ = {
			isa = PBXGroup;
			children = (
				88A156FF268E3A090029D242 /* MovieFlixApp.app */,
			);
			name = Products;
			sourceTree = "<group>";
		};
		88A15701268E3A090029D242 /* MovieFlixApp */ = {
			isa = PBXGroup;
			children = (
				88A15702268E3A090029D242 /* AppDelegate.swift */,
				88A15706268E3A090029D242 /* ViewController.swift */,
				889BDF8B2690E8FF00B4800D /* DetailViewController.swift */,
				8876F5F826918C4F00E10BFB /* ViewModels */,
				88A15717268E3A560029D242 /* HelperCalss */,
				88A15708268E3A090029D242 /* Main.storyboard */,
				88A1570B268E3A0A0029D242 /* Assets.xcassets */,
				88A1570D268E3A0A0029D242 /* LaunchScreen.storyboard */,
				889BDF8F2690EE3D00B4800D /* placeholderImage.png */,
				88A15710268E3A0A0029D242 /* Info.plist */,
			);
			path = MovieFlixApp;
			sourceTree = "<group>";
		};
		88A15717268E3A560029D242 /* HelperCalss */ = {
			isa = PBXGroup;
			children = (
				88A15718268E3A560029D242 /* Constants.swift */,
				8876F5FF269190AD00E10BFB /* Extensions.swift */,
				88A1571B268E3A560029D242 /* ServiceManager.swift */,
				8876F605269198C100E10BFB /* FloatRatingView.swift */,
			);
			path = HelperCalss;
			sourceTree = "<group>";
		};
		AF261098D5CFC61D0F946D82 /* Frameworks */ = {
			isa = PBXGroup;
			children = (
				FAE350058A0E5EFB605CC126 /* Pods_MovieFlixApp.framework */,
			);
			name = Frameworks;
			sourceTree = "<group>";
		};
		BEAB17FB8EDE172E35B29424 /* Pods */ = {
			isa = PBXGroup;
			children = (
				55298CA15BB944F7658846EC /* Pods-MovieFlixApp.debug.xcconfig */,
				D537A483A4E8584193A77563 /* Pods-MovieFlixApp.release.xcconfig */,
			);
			path = Pods;
			sourceTree = "<group>";
		};
/* End PBXGroup section */

/* Begin PBXNativeTarget section */
		88A156FE268E3A090029D242 /* MovieFlixApp */ = {
			isa = PBXNativeTarget;
			buildConfigurationList = 88A15713268E3A0A0029D242 /* Build configuration list for PBXNativeTarget "MovieFlixApp" */;
			buildPhases = (
				260C0EA1A2AA90DBE483A52B /* [CP] Check Pods Manifest.lock */,
				88A156FB268E3A090029D242 /* Sources */,
				88A156FC268E3A090029D242 /* Frameworks */,
				88A156FD268E3A090029D242 /* Resources */,
				8DC59657C397EA92A0C28B05 /* [CP] Embed Pods Frameworks */,
			);
			buildRules = (
			);
			dependencies = (
			);
			name = MovieFlixApp;
			productName = MovieFlixApp;
			productReference = 88A156FF268E3A090029D242 /* MovieFlixApp.app */;
			productType = "com.apple.product-type.application";
		};
/* End PBXNativeTarget section */

/* Begin PBXProject section */
		88A156F7268E3A090029D242 /* Project object */ = {
			isa = PBXProject;
			attributes = {
				LastSwiftUpdateCheck = 1230;
				LastUpgradeCheck = 1230;
				TargetAttributes = {
					88A156FE268E3A090029D242 = {
						CreatedOnToolsVersion = 12.3;
					};
				};
			};
			buildConfigurationList = 88A156FA268E3A090029D242 /* Build configuration list for PBXProject "MovieFlixApp" */;
			compatibilityVersion = "Xcode 9.3";
			developmentRegion = en;
			hasScannedForEncodings = 0;
			knownRegions = (
				en,
				Base,
			);
			mainGroup = 88A156F6268E3A090029D242;
			productRefGroup = 88A15700268E3A090029D242 /* Products */;
			projectDirPath = "";
			projectRoot = "";
			targets = (
				88A156FE268E3A090029D242 /* MovieFlixApp */,
			);
		};
/* End PBXProject section */

/* Begin PBXResourcesBuildPhase section */
		88A156FD268E3A090029D242 /* Resources */ = {
			isa = PBXResourcesBuildPhase;
			buildActionMask = 2147483647;
			files = (
				88A1570F268E3A0A0029D242 /* LaunchScreen.storyboard in Resources */,
				889BDF902690EE3D00B4800D /* placeholderImage.png in Resources */,
				88A1570C268E3A0A0029D242 /* Assets.xcassets in Resources */,
				88A1570A268E3A090029D242 /* Main.storyboard in Resources */,
			);
			runOnlyForDeploymentPostprocessing = 0;
		};
/* End PBXResourcesBuildPhase section */

/* Begin PBXShellScriptBuildPhase section */
		260C0EA1A2AA90DBE483A52B /* [CP] Check Pods Manifest.lock */ = {
			isa = PBXShellScriptBuildPhase;
			buildActionMask = 2147483647;
			files = (
			);
			inputFileListPaths = (
			);
			inputPaths = (
				"${PODS_PODFILE_DIR_PATH}/Podfile.lock",
				"${PODS_ROOT}/Manifest.lock",
			);
			name = "[CP] Check Pods Manifest.lock";
			outputFileListPaths = (
			);
			outputPaths = (
				"$(DERIVED_FILE_DIR)/Pods-MovieFlixApp-checkManifestLockResult.txt",
			);
			runOnlyForDeploymentPostprocessing = 0;
			shellPath = /bin/sh;
			shellScript = "diff \"${PODS_PODFILE_DIR_PATH}/Podfile.lock\" \"${PODS_ROOT}/Manifest.lock\" > /dev/null\nif [ $? != 0 ] ; then\n    # print error to STDERR\n    echo \"error: The sandbox is not in sync with the Podfile.lock. Run 'pod install' or update your CocoaPods installation.\" >&2\n    exit 1\nfi\n# This output is used by Xcode 'outputs' to avoid re-running this script phase.\necho \"SUCCESS\" > \"${SCRIPT_OUTPUT_FILE_0}\"\n";
			showEnvVarsInLog = 0;
		};
		8DC59657C397EA92A0C28B05 /* [CP] Embed Pods Frameworks */ = {
			isa = PBXShellScriptBuildPhase;
			buildActionMask = 2147483647;
			files = (
			);
			inputFileListPaths = (
				"${PODS_ROOT}/Target Support Files/Pods-MovieFlixApp/Pods-MovieFlixApp-frameworks-${CONFIGURATION}-input-files.xcfilelist",
			);
			name = "[CP] Embed Pods Frameworks";
			outputFileListPaths = (
				"${PODS_ROOT}/Target Support Files/Pods-MovieFlixApp/Pods-MovieFlixApp-frameworks-${CONFIGURATION}-output-files.xcfilelist",
			);
			runOnlyForDeploymentPostprocessing = 0;
			shellPath = /bin/sh;
			shellScript = "\"${PODS_ROOT}/Target Support Files/Pods-MovieFlixApp/Pods-MovieFlixApp-frameworks.sh\"\n";
			showEnvVarsInLog = 0;
		};
/* End PBXShellScriptBuildPhase section */

/* Begin PBXSourcesBuildPhase section */
		88A156FB268E3A090029D242 /* Sources */ = {
			isa = PBXSourcesBuildPhase;
			buildActionMask = 2147483647;
			files = (
				889BDF8C2690E8FF00B4800D /* DetailViewController.swift in Sources */,
				8876F5FD26918CAD00E10BFB /* TrailerModel.swift in Sources */,
				8876F5FA26918C8600E10BFB /* TrailersViewModel.swift in Sources */,
				88A15721268E3A560029D242 /* MoviesViewModel.swift in Sources */,
				88A15707268E3A090029D242 /* ViewController.swift in Sources */,
				88A1571E268E3A560029D242 /* MovieModel.swift in Sources */,
				88A15703268E3A090029D242 /* AppDelegate.swift in Sources */,
				8876F606269198C100E10BFB /* FloatRatingView.swift in Sources */,
				88A1571D268E3A560029D242 /* Constants.swift in Sources */,
				8876F600269190AD00E10BFB /* Extensions.swift in Sources */,
				88A15720268E3A560029D242 /* ServiceManager.swift in Sources */,
			);
			runOnlyForDeploymentPostprocessing = 0;
		};
/* End PBXSourcesBuildPhase section */

/* Begin PBXVariantGroup section */
		88A15708268E3A090029D242 /* Main.storyboard */ = {
			isa = PBXVariantGroup;
			children = (
				88A15709268E3A090029D242 /* Base */,
			);
			name = Main.storyboard;
			sourceTree = "<group>";
		};
		88A1570D268E3A0A0029D242 /* LaunchScreen.storyboard */ = {
			isa = PBXVariantGroup;
			children = (
				88A1570E268E3A0A0029D242 /* Base */,
			);
			name = LaunchScreen.storyboard;
			sourceTree = "<group>";
		};
/* End PBXVariantGroup section */

/* Begin XCBuildConfiguration section */
		88A15711268E3A0A0029D242 /* Debug */ = {
			isa = XCBuildConfiguration;
			buildSettings = {
				ALWAYS_SEARCH_USER_PATHS = NO;
				CLANG_ANALYZER_NONNULL = YES;
				CLANG_ANALYZER_NUMBER_OBJECT_CONVERSION = YES_AGGRESSIVE;
				CLANG_CXX_LANGUAGE_STANDARD = "gnu++14";
				CLANG_CXX_LIBRARY = "libc++";
				CLANG_ENABLE_MODULES = YES;
				CLANG_ENABLE_OBJC_ARC = YES;
				CLANG_ENABLE_OBJC_WEAK = YES;
				CLANG_WARN_BLOCK_CAPTURE_AUTORELEASING = YES;
				CLANG_WARN_BOOL_CONVERSION = YES;
				CLANG_WARN_COMMA = YES;
				CLANG_WARN_CONSTANT_CONVERSION = YES;
				CLANG_WARN_DEPRECATED_OBJC_IMPLEMENTATIONS = YES;
				CLANG_WARN_DIRECT_OBJC_ISA_USAGE = YES_ERROR;
				CLANG_WARN_DOCUMENTATION_COMMENTS = YES;
				CLANG_WARN_EMPTY_BODY = YES;
				CLANG_WARN_ENUM_CONVERSION = YES;
				CLANG_WARN_INFINITE_RECURSION = YES;
				CLANG_WARN_INT_CONVERSION = YES;
				CLANG_WARN_NON_LITERAL_NULL_CONVERSION = YES;
				CLANG_WARN_OBJC_IMPLICIT_RETAIN_SELF = YES;
				CLANG_WARN_OBJC_LITERAL_CONVERSION = YES;
				CLANG_WARN_OBJC_ROOT_CLASS = YES_ERROR;
				CLANG_WARN_QUOTED_INCLUDE_IN_FRAMEWORK_HEADER = YES;
				CLANG_WARN_RANGE_LOOP_ANALYSIS = YES;
				CLANG_WARN_STRICT_PROTOTYPES = YES;
				CLANG_WARN_SUSPICIOUS_MOVE = YES;
				CLANG_WARN_UNGUARDED_AVAILABILITY = YES_AGGRESSIVE;
				CLANG_WARN_UNREACHABLE_CODE = YES;
				CLANG_WARN__DUPLICATE_METHOD_MATCH = YES;
				COPY_PHASE_STRIP = NO;
				DEBUG_INFORMATION_FORMAT = dwarf;
				ENABLE_STRICT_OBJC_MSGSEND = YES;
				ENABLE_TESTABILITY = YES;
				GCC_C_LANGUAGE_STANDARD = gnu11;
				GCC_DYNAMIC_NO_PIC = NO;
				GCC_NO_COMMON_BLOCKS = YES;
				GCC_OPTIMIZATION_LEVEL = 0;
				GCC_PREPROCESSOR_DEFINITIONS = (
					"DEBUG=1",
					"$(inherited)",
				);
				GCC_WARN_64_TO_32_BIT_CONVERSION = YES;
				GCC_WARN_ABOUT_RETURN_TYPE = YES_ERROR;
				GCC_WARN_UNDECLARED_SELECTOR = YES;
				GCC_WARN_UNINITIALIZED_AUTOS = YES_AGGRESSIVE;
				GCC_WARN_UNUSED_FUNCTION = YES;
				GCC_WARN_UNUSED_VARIABLE = YES;
				IPHONEOS_DEPLOYMENT_TARGET = 14.3;
				MTL_ENABLE_DEBUG_INFO = INCLUDE_SOURCE;
				MTL_FAST_MATH = YES;
				ONLY_ACTIVE_ARCH = YES;
				SDKROOT = iphoneos;
				SWIFT_ACTIVE_COMPILATION_CONDITIONS = DEBUG;
				SWIFT_OPTIMIZATION_LEVEL = "-Onone";
			};
			name = Debug;
		};
		88A15712268E3A0A0029D242 /* Release */ = {
			isa = XCBuildConfiguration;
			buildSettings = {
				ALWAYS_SEARCH_USER_PATHS = NO;
				CLANG_ANALYZER_NONNULL = YES;
				CLANG_ANALYZER_NUMBER_OBJECT_CONVERSION = YES_AGGRESSIVE;
				CLANG_CXX_LANGUAGE_STANDARD = "gnu++14";
				CLANG_CXX_LIBRARY = "libc++";
				CLANG_ENABLE_MODULES = YES;
				CLANG_ENABLE_OBJC_ARC = YES;
				CLANG_ENABLE_OBJC_WEAK = YES;
				CLANG_WARN_BLOCK_CAPTURE_AUTORELEASING = YES;
				CLANG_WARN_BOOL_CONVERSION = YES;
				CLANG_WARN_COMMA = YES;
				CLANG_WARN_CONSTANT_CONVERSION = YES;
				CLANG_WARN_DEPRECATED_OBJC_IMPLEMENTATIONS = YES;
				CLANG_WARN_DIRECT_OBJC_ISA_USAGE = YES_ERROR;
				CLANG_WARN_DOCUMENTATION_COMMENTS = YES;
				CLANG_WARN_EMPTY_BODY = YES;
				CLANG_WARN_ENUM_CONVERSION = YES;
				CLANG_WARN_INFINITE_RECURSION = YES;
				CLANG_WARN_INT_CONVERSION = YES;
				CLANG_WARN_NON_LITERAL_NULL_CONVERSION = YES;
				CLANG_WARN_OBJC_IMPLICIT_RETAIN_SELF = YES;
				CLANG_WARN_OBJC_LITERAL_CONVERSION = YES;
				CLANG_WARN_OBJC_ROOT_CLASS = YES_ERROR;
				CLANG_WARN_QUOTED_INCLUDE_IN_FRAMEWORK_HEADER = YES;
				CLANG_WARN_RANGE_LOOP_ANALYSIS = YES;
				CLANG_WARN_STRICT_PROTOTYPES = YES;
				CLANG_WARN_SUSPICIOUS_MOVE = YES;
				CLANG_WARN_UNGUARDED_AVAILABILITY = YES_AGGRESSIVE;
				CLANG_WARN_UNREACHABLE_CODE = YES;
				CLANG_WARN__DUPLICATE_METHOD_MATCH = YES;
				COPY_PHASE_STRIP = NO;
				DEBUG_INFORMATION_FORMAT = "dwarf-with-dsym";
				ENABLE_NS_ASSERTIONS = NO;
				ENABLE_STRICT_OBJC_MSGSEND = YES;
				GCC_C_LANGUAGE_STANDARD = gnu11;
				GCC_NO_COMMON_BLOCKS = YES;
				GCC_WARN_64_TO_32_BIT_CONVERSION = YES;
				GCC_WARN_ABOUT_RETURN_TYPE = YES_ERROR;
				GCC_WARN_UNDECLARED_SELECTOR = YES;
				GCC_WARN_UNINITIALIZED_AUTOS = YES_AGGRESSIVE;
				GCC_WARN_UNUSED_FUNCTION = YES;
				GCC_WARN_UNUSED_VARIABLE = YES;
				IPHONEOS_DEPLOYMENT_TARGET = 14.3;
				MTL_ENABLE_DEBUG_INFO = NO;
				MTL_FAST_MATH = YES;
				SDKROOT = iphoneos;
				SWIFT_COMPILATION_MODE = wholemodule;
				SWIFT_OPTIMIZATION_LEVEL = "-O";
				VALIDATE_PRODUCT = YES;
			};
			name = Release;
		};
		88A15714268E3A0A0029D242 /* Debug */ = {
			isa = XCBuildConfiguration;
			baseConfigurationReference = 55298CA15BB944F7658846EC /* Pods-MovieFlixApp.debug.xcconfig */;
			buildSettings = {
				ASSETCATALOG_COMPILER_APPICON_NAME = AppIcon;
				ASSETCATALOG_COMPILER_GLOBAL_ACCENT_COLOR_NAME = AccentColor;
				CODE_SIGN_STYLE = Automatic;
				INFOPLIST_FILE = MovieFlixApp/Info.plist;
				IPHONEOS_DEPLOYMENT_TARGET = 12.0;
				LD_RUNPATH_SEARCH_PATHS = (
					"$(inherited)",
					"@executable_path/Frameworks",
				);
				PRODUCT_BUNDLE_IDENTIFIER = com.GarmentAppTests.MovieFlixApp;
				PRODUCT_NAME = "$(TARGET_NAME)";
				SWIFT_VERSION = 5.0;
				TARGETED_DEVICE_FAMILY = "1,2";
			};
			name = Debug;
		};
		88A15715268E3A0A0029D242 /* Release */ = {
			isa = XCBuildConfiguration;
			baseConfigurationReference = D537A483A4E8584193A77563 /* Pods-MovieFlixApp.release.xcconfig */;
			buildSettings = {
				ASSETCATALOG_COMPILER_APPICON_NAME = AppIcon;
				ASSETCATALOG_COMPILER_GLOBAL_ACCENT_COLOR_NAME = AccentColor;
				CODE_SIGN_STYLE = Automatic;
				INFOPLIST_FILE = MovieFlixApp/Info.plist;
				IPHONEOS_DEPLOYMENT_TARGET = 12.0;
				LD_RUNPATH_SEARCH_PATHS = (
					"$(inherited)",
					"@executable_path/Frameworks",
				);
				PRODUCT_BUNDLE_IDENTIFIER = com.GarmentAppTests.MovieFlixApp;
				PRODUCT_NAME = "$(TARGET_NAME)";
				SWIFT_VERSION = 5.0;
				TARGETED_DEVICE_FAMILY = "1,2";
			};
			name = Release;
		};
/* End XCBuildConfiguration section */

/* Begin XCConfigurationList section */
		88A156FA268E3A090029D242 /* Build configuration list for PBXProject "MovieFlixApp" */ = {
			isa = XCConfigurationList;
			buildConfigurations = (
				88A15711268E3A0A0029D242 /* Debug */,
				88A15712268E3A0A0029D242 /* Release */,
			);
			defaultConfigurationIsVisible = 0;
			defaultConfigurationName = Release;
		};
		88A15713268E3A0A0029D242 /* Build configuration list for PBXNativeTarget "MovieFlixApp" */ = {
			isa = XCConfigurationList;
			buildConfigurations = (
				88A15714268E3A0A0029D242 /* Debug */,
				88A15715268E3A0A0029D242 /* Release */,
			);
			defaultConfigurationIsVisible = 0;
			defaultConfigurationName = Release;
		};
/* End XCConfigurationList section */
	};
	rootObject = 88A156F7268E3A090029D242 /* Project object */;
}
